
Microsoft Visual Studio Solution File, Format Version 12.00
# Visual Studio 2012
Project("{FAE04EC0-301F-11D3-BF4B-00C04F79EFBC}") = "ExifExtractor", "ExifExtractor\ExifExtractor.csproj", "{B3E1BB2F-1E71-48BE-81A5-9FF7DD1CB8E8}"
EndProject
Project("{FAE04EC0-301F-11D3-BF4B-00C04F79EFBC}") = "ExifExtractor.Tests", "ExifExtractor.Tests\ExifExtractor.Tests.csproj", "{F18B7D05-DACD-4745-9B7C-E0BE5DA6A93E}"
EndProject
Global
	GlobalSection(SolutionConfigurationPlatforms) = preSolution
		Debug|Any CPU = Debug|Any CPU
		Debug|x86 = Debug|x86
		Release|Any CPU = Release|Any CPU
		Release|x86 = Release|x86
		x86 Debug|Any CPU = x86 Debug|Any CPU
		x86 Debug|x86 = x86 Debug|x86
	EndGlobalSection
	GlobalSection(ProjectConfigurationPlatforms) = postSolution
		{B3E1BB2F-1E71-48BE-81A5-9FF7DD1CB8E8}.Debug|Any CPU.ActiveCfg = Debug|Any CPU
		{B3E1BB2F-1E71-48BE-81A5-9FF7DD1CB8E8}.Debug|Any CPU.Build.0 = Debug|Any CPU
		{B3E1BB2F-1E71-48BE-81A5-9FF7DD1CB8E8}.Debug|x86.ActiveCfg = Debug|x86
		{B3E1BB2F-1E71-48BE-81A5-9FF7DD1CB8E8}.Debug|x86.Build.0 = Debug|x86
		{B3E1BB2F-1E71-48BE-81A5-9FF7DD1CB8E8}.Release|Any CPU.ActiveCfg = Release|Any CPU
		{B3E1BB2F-1E71-48BE-81A5-9FF7DD1CB8E8}.Release|Any CPU.Build.0 = Release|Any CPU
		{B3E1BB2F-1E71-48BE-81A5-9FF7DD1CB8E8}.Release|x86.ActiveCfg = Release|x86
		{B3E1BB2F-1E71-48BE-81A5-9FF7DD1CB8E8}.Release|x86.Build.0 = Release|x86
		{B3E1BB2F-1E71-48BE-81A5-9FF7DD1CB8E8}.x86 Debug|Any CPU.ActiveCfg = x86 Debug|Any CPU
		{B3E1BB2F-1E71-48BE-81A5-9FF7DD1CB8E8}.x86 Debug|Any CPU.Build.0 = x86 Debug|Any CPU
		{B3E1BB2F-1E71-48BE-81A5-9FF7DD1CB8E8}.x86 Debug|x86.ActiveCfg = x86 Debug|x86
		{B3E1BB2F-1E71-48BE-81A5-9FF7DD1CB8E8}.x86 Debug|x86.Build.0 = x86 Debug|x86
		{F18B7D05-DACD-4745-9B7C-E0BE5DA6A93E}.Debug|Any CPU.ActiveCfg = Debug|Any CPU
		{F18B7D05-DACD-4745-9B7C-E0BE5DA6A93E}.Debug|Any CPU.Build.0 = Debug|Any CPU
		{F18B7D05-DACD-4745-9B7C-E0BE5DA6A93E}.Debug|x86.ActiveCfg = Debug|x86
		{F18B7D05-DACD-4745-9B7C-E0BE5DA6A93E}.Debug|x86.Build.0 = Debug|x86
		{F18B7D05-DACD-4745-9B7C-E0BE5DA6A93E}.Release|Any CPU.ActiveCfg = Release|Any CPU
		{F18B7D05-DACD-4745-9B7C-E0BE5DA6A93E}.Release|Any CPU.Build.0 = Release|Any CPU
		{F18B7D05-DACD-4745-9B7C-E0BE5DA6A93E}.Release|x86.ActiveCfg = Release|x86
		{F18B7D05-DACD-4745-9B7C-E0BE5DA6A93E}.Release|x86.Build.0 = Release|x86
		{F18B7D05-DACD-4745-9B7C-E0BE5DA6A93E}.x86 Debug|Any CPU.ActiveCfg = x86 Debug|Any CPU
		{F18B7D05-DACD-4745-9B7C-E0BE5DA6A93E}.x86 Debug|Any CPU.Build.0 = x86 Debug|Any CPU
		{F18B7D05-DACD-4745-9B7C-E0BE5DA6A93E}.x86 Debug|x86.ActiveCfg = x86 Debug|x86
		{F18B7D05-DACD-4745-9B7C-E0BE5DA6A93E}.x86 Debug|x86.Build.0 = x86 Debug|x86
	EndGlobalSection
	GlobalSection(SolutionProperties) = preSolution
		HideSolutionNode = FALSE
	EndGlobalSection
EndGlobal
